
Microsoft Visual Studio Solution File, Format Version 12.00
# Visual Studio Version 16
VisualStudioVersion = 16.0.32228.343
MinimumVisualStudioVersion = 10.0.40219.1
Project("{FAE04EC0-301F-11D3-BF4B-00C04F79EFBC}") = "UIDemo", "UIDemo\UIDemo.csproj", "{39D50944-0F0C-47F9-91BC-4358C4C0AA55}"
EndProject
Global
	GlobalSection(SolutionConfigurationPlatforms) = preSolution
		Debug|Any CPU = Debug|Any CPU
		Release|Any CPU = Release|Any CPU
	EndGlobalSection
	GlobalSection(ProjectConfigurationPlatforms) = postSolution
		{39D50944-0F0C-47F9-91BC-4358C4C0AA55}.Debug|Any CPU.ActiveCfg = Debug|Any CPU
		{39D50944-0F0C-47F9-91BC-4358C4C0AA55}.Debug|Any CPU.Build.0 = Debug|Any CPU
		{39D50944-0F0C-47F9-91BC-4358C4C0AA55}.Release|Any CPU.ActiveCfg = Release|Any CPU
		{39D50944-0F0C-47F9-91BC-4358C4C0AA55}.Release|Any CPU.Build.0 = Release|Any CPU
	EndGlobalSection
	GlobalSection(SolutionProperties) = preSolution
		HideSolutionNode = FALSE
	EndGlobalSection
	GlobalSection(ExtensibilityGlobals) = postSolution
		SolutionGuid = {426DB084-7505-4489-9F4D-FB6BA80A63E7}
	EndGlobalSection
EndGlobal
